
Microsoft Visual Studio Solution File, Format Version 12.00
# Visual Studio 14
VisualStudioVersion = 14.0.24720.0
MinimumVisualStudioVersion = 10.0.40219.1
Project("{FAE04EC0-301F-11D3-BF4B-00C04F79EFBC}") = "Dziennik", "Dziennik\Dziennik.csproj", "{A8BCE1BB-C26B-4318-BEB9-8991AC3B5324}"
EndProject
Project("{FAE04EC0-301F-11D3-BF4B-00C04F79EFBC}") = "Dziennik.Tests", "Dziennik.Tests\Dziennik.Tests.csproj", "{CC9F6C11-7910-407B-924B-656F3278591E}"
EndProject
Global
	GlobalSection(SolutionConfigurationPlatforms) = preSolution
		Debug|Any CPU = Debug|Any CPU
		Release|Any CPU = Release|Any CPU
	EndGlobalSection
	GlobalSection(ProjectConfigurationPlatforms) = postSolution
		{A8BCE1BB-C26B-4318-BEB9-8991AC3B5324}.Debug|Any CPU.ActiveCfg = Debug|Any CPU
		{A8BCE1BB-C26B-4318-BEB9-8991AC3B5324}.Debug|Any CPU.Build.0 = Debug|Any CPU
		{A8BCE1BB-C26B-4318-BEB9-8991AC3B5324}.Release|Any CPU.ActiveCfg = Release|Any CPU
		{A8BCE1BB-C26B-4318-BEB9-8991AC3B5324}.Release|Any CPU.Build.0 = Release|Any CPU
		{CC9F6C11-7910-407B-924B-656F3278591E}.Debug|Any CPU.ActiveCfg = Debug|Any CPU
		{CC9F6C11-7910-407B-924B-656F3278591E}.Debug|Any CPU.Build.0 = Debug|Any CPU
		{CC9F6C11-7910-407B-924B-656F3278591E}.Release|Any CPU.ActiveCfg = Release|Any CPU
		{CC9F6C11-7910-407B-924B-656F3278591E}.Release|Any CPU.Build.0 = Release|Any CPU
	EndGlobalSection
	GlobalSection(SolutionProperties) = preSolution
		HideSolutionNode = FALSE
	EndGlobalSection
EndGlobal
